// !$*UTF8*$!
{
	archiveVersion = 1;
	classes = {
	};
	objectVersion = 46;
	objects = {

/* Begin PBXBuildFile section */
		626101D61DBF77F60094AD8D /* RxBlocking.framework in Frameworks */ = {isa = PBXBuildFile; fileRef = 626101D31DBF77F60094AD8D /* RxBlocking.framework */; };
		626101D71DBF77F60094AD8D /* RxBlocking.framework in Embed Frameworks */ = {isa = PBXBuildFile; fileRef = 626101D31DBF77F60094AD8D /* RxBlocking.framework */; settings = {ATTRIBUTES = (CodeSignOnCopy, RemoveHeadersOnCopy, ); }; };
		626101D81DBF77F60094AD8D /* RxCocoa.framework in Frameworks */ = {isa = PBXBuildFile; fileRef = 626101D41DBF77F60094AD8D /* RxCocoa.framework */; };
		626101D91DBF77F60094AD8D /* RxCocoa.framework in Embed Frameworks */ = {isa = PBXBuildFile; fileRef = 626101D41DBF77F60094AD8D /* RxCocoa.framework */; settings = {ATTRIBUTES = (CodeSignOnCopy, RemoveHeadersOnCopy, ); }; };
		626101DA1DBF77F60094AD8D /* RxSwift.framework in Frameworks */ = {isa = PBXBuildFile; fileRef = 626101D51DBF77F60094AD8D /* RxSwift.framework */; };
		626101DB1DBF77F60094AD8D /* RxSwift.framework in Embed Frameworks */ = {isa = PBXBuildFile; fileRef = 626101D51DBF77F60094AD8D /* RxSwift.framework */; settings = {ATTRIBUTES = (CodeSignOnCopy, RemoveHeadersOnCopy, ); }; };
		629061061DBF731F005EED1A /* AppDelegate.swift in Sources */ = {isa = PBXBuildFile; fileRef = 629061051DBF731F005EED1A /* AppDelegate.swift */; };
		629061081DBF731F005EED1A /* ViewController.swift in Sources */ = {isa = PBXBuildFile; fileRef = 629061071DBF731F005EED1A /* ViewController.swift */; };
		6290610B1DBF731F005EED1A /* Main.storyboard in Resources */ = {isa = PBXBuildFile; fileRef = 629061091DBF731F005EED1A /* Main.storyboard */; };
		6290610E1DBF731F005EED1A /* sandbox.xcdatamodeld in Sources */ = {isa = PBXBuildFile; fileRef = 6290610C1DBF731F005EED1A /* sandbox.xcdatamodeld */; };
		629061101DBF731F005EED1A /* Assets.xcassets in Resources */ = {isa = PBXBuildFile; fileRef = 6290610F1DBF731F005EED1A /* Assets.xcassets */; };
		629061131DBF731F005EED1A /* LaunchScreen.storyboard in Resources */ = {isa = PBXBuildFile; fileRef = 629061111DBF731F005EED1A /* LaunchScreen.storyboard */; };
/* End PBXBuildFile section */

/* Begin PBXContainerItemProxy section */
		626101F51DBF79440094AD8D /* PBXContainerItemProxy */ = {
			isa = PBXContainerItemProxy;
			containerPortal = 626101DE1DBF79430094AD8D /* Rx.xcodeproj */;
			proxyType = 2;
			remoteGlobalIDString = C8A56AD71AD7424700B4673B;
			remoteInfo = "RxSwift-iOS";
		};
		626101F71DBF79440094AD8D /* PBXContainerItemProxy */ = {
			isa = PBXContainerItemProxy;
			containerPortal = 626101DE1DBF79430094AD8D /* Rx.xcodeproj */;
			proxyType = 2;
			remoteGlobalIDString = C88BB8711B07E5ED0064D411;
			remoteInfo = "RxSwift-macOS";
		};
		626101F91DBF79440094AD8D /* PBXContainerItemProxy */ = {
			isa = PBXContainerItemProxy;
			containerPortal = 626101DE1DBF79430094AD8D /* Rx.xcodeproj */;
			proxyType = 2;
			remoteGlobalIDString = D2EA280C1BB9B5A200880ED3;
			remoteInfo = "RxSwift-tvOS";
		};
		626101FB1DBF79440094AD8D /* PBXContainerItemProxy */ = {
			isa = PBXContainerItemProxy;
			containerPortal = 626101DE1DBF79430094AD8D /* Rx.xcodeproj */;
			proxyType = 2;
			remoteGlobalIDString = C8F0C0021BBBFB8B001B112F;
			remoteInfo = "RxSwift-watchOS";
		};
		626101FD1DBF79440094AD8D /* PBXContainerItemProxy */ = {
			isa = PBXContainerItemProxy;
			containerPortal = 626101DE1DBF79430094AD8D /* Rx.xcodeproj */;
			proxyType = 2;
			remoteGlobalIDString = C809396D1B8A71760088E94D;
			remoteInfo = "RxCocoa-iOS";
		};
		626101FF1DBF79440094AD8D /* PBXContainerItemProxy */ = {
			isa = PBXContainerItemProxy;
			containerPortal = 626101DE1DBF79430094AD8D /* Rx.xcodeproj */;
			proxyType = 2;
			remoteGlobalIDString = C80939E71B8A71840088E94D;
			remoteInfo = "RxCocoa-macOS";
		};
		626102011DBF79440094AD8D /* PBXContainerItemProxy */ = {
			isa = PBXContainerItemProxy;
			containerPortal = 626101DE1DBF79430094AD8D /* Rx.xcodeproj */;
			proxyType = 2;
			remoteGlobalIDString = D2138C751BB9BE9800339B5C;
			remoteInfo = "RxCocoa-tvOS";
		};
		626102031DBF79440094AD8D /* PBXContainerItemProxy */ = {
			isa = PBXContainerItemProxy;
			containerPortal = 626101DE1DBF79430094AD8D /* Rx.xcodeproj */;
			proxyType = 2;
			remoteGlobalIDString = C8F0C04B1BBBFBB9001B112F;
			remoteInfo = "RxCocoa-watchOS";
		};
		626102051DBF79440094AD8D /* PBXContainerItemProxy */ = {
			isa = PBXContainerItemProxy;
			containerPortal = 626101DE1DBF79430094AD8D /* Rx.xcodeproj */;
			proxyType = 2;
			remoteGlobalIDString = C8093BC71B8A71F00088E94D;
			remoteInfo = "RxBlocking-iOS";
		};
		626102071DBF79440094AD8D /* PBXContainerItemProxy */ = {
			isa = PBXContainerItemProxy;
			containerPortal = 626101DE1DBF79430094AD8D /* Rx.xcodeproj */;
			proxyType = 2;
			remoteGlobalIDString = C8093C451B8A71FC0088E94D;
			remoteInfo = "RxBlocking-macOS";
		};
		626102091DBF79440094AD8D /* PBXContainerItemProxy */ = {
			isa = PBXContainerItemProxy;
			containerPortal = 626101DE1DBF79430094AD8D /* Rx.xcodeproj */;
			proxyType = 2;
			remoteGlobalIDString = D2EBEB811BB9B99D003A27DC;
			remoteInfo = "RxBlocking-tvOS";
		};
		6261020B1DBF79440094AD8D /* PBXContainerItemProxy */ = {
			isa = PBXContainerItemProxy;
			containerPortal = 626101DE1DBF79430094AD8D /* Rx.xcodeproj */;
			proxyType = 2;
			remoteGlobalIDString = C8F0C0581BBBFBCE001B112F;
			remoteInfo = "RxBlocking-watchOS";
		};
		6261020D1DBF79440094AD8D /* PBXContainerItemProxy */ = {
			isa = PBXContainerItemProxy;
			containerPortal = 626101DE1DBF79430094AD8D /* Rx.xcodeproj */;
			proxyType = 2;
			remoteGlobalIDString = C88FA50C1C25C44800CCFEA4;
			remoteInfo = "RxTest-iOS";
		};
		6261020F1DBF79440094AD8D /* PBXContainerItemProxy */ = {
			isa = PBXContainerItemProxy;
			containerPortal = 626101DE1DBF79430094AD8D /* Rx.xcodeproj */;
			proxyType = 2;
			remoteGlobalIDString = C88FA51D1C25C4B500CCFEA4;
			remoteInfo = "RxTest-macOS";
		};
		626102111DBF79440094AD8D /* PBXContainerItemProxy */ = {
			isa = PBXContainerItemProxy;
			containerPortal = 626101DE1DBF79430094AD8D /* Rx.xcodeproj */;
			proxyType = 2;
			remoteGlobalIDString = C88FA52E1C25C4C000CCFEA4;
			remoteInfo = "RxTest-tvOS";
		};
		626102131DBF79440094AD8D /* PBXContainerItemProxy */ = {
			isa = PBXContainerItemProxy;
			containerPortal = 626101DE1DBF79430094AD8D /* Rx.xcodeproj */;
			proxyType = 2;
			remoteGlobalIDString = C88FA53F1C25C4CC00CCFEA4;
			remoteInfo = "RxTest-watchOS";
		};
		626102151DBF79440094AD8D /* PBXContainerItemProxy */ = {
			isa = PBXContainerItemProxy;
			containerPortal = 626101DE1DBF79430094AD8D /* Rx.xcodeproj */;
			proxyType = 2;
			remoteGlobalIDString = C83508C31C386F6F0027C24C;
			remoteInfo = "AllTests-iOS";
		};
		626102171DBF79440094AD8D /* PBXContainerItemProxy */ = {
			isa = PBXContainerItemProxy;
			containerPortal = 626101DE1DBF79430094AD8D /* Rx.xcodeproj */;
			proxyType = 2;
			remoteGlobalIDString = C83509841C38740E0027C24C;
			remoteInfo = "AllTests-tvOS";
		};
		626102191DBF79440094AD8D /* PBXContainerItemProxy */ = {
			isa = PBXContainerItemProxy;
			containerPortal = 626101DE1DBF79430094AD8D /* Rx.xcodeproj */;
			proxyType = 2;
			remoteGlobalIDString = C83509941C38742C0027C24C;
			remoteInfo = "AllTests-macOS";
		};
		6261021B1DBF79440094AD8D /* PBXContainerItemProxy */ = {
			isa = PBXContainerItemProxy;
			containerPortal = 626101DE1DBF79430094AD8D /* Rx.xcodeproj */;
			proxyType = 2;
			remoteGlobalIDString = C85BA04B1C3878740075D68E;
			remoteInfo = PerformanceTests;
		};
/* End PBXContainerItemProxy section */

/* Begin PBXCopyFilesBuildPhase section */
		626101DC1DBF77F60094AD8D /* Embed Frameworks */ = {
			isa = PBXCopyFilesBuildPhase;
			buildActionMask = 2147483647;
			dstPath = "";
			dstSubfolderSpec = 10;
			files = (
				626101D91DBF77F60094AD8D /* RxCocoa.framework in Embed Frameworks */,
				626101D71DBF77F60094AD8D /* RxBlocking.framework in Embed Frameworks */,
				626101DB1DBF77F60094AD8D /* RxSwift.framework in Embed Frameworks */,
			);
			name = "Embed Frameworks";
			runOnlyForDeploymentPostprocessing = 0;
		};
/* End PBXCopyFilesBuildPhase section */

/* Begin PBXFileReference section */
		626101CB1DBF77730094AD8D /* sandbox.app */ = {isa = PBXFileReference; explicitFileType = wrapper.application; includeInIndex = 0; path = sandbox.app; sourceTree = BUILT_PRODUCTS_DIR; };
		626101D31DBF77F60094AD8D /* RxBlocking.framework */ = {isa = PBXFileReference; lastKnownFileType = wrapper.framework; name = RxBlocking.framework; path = Carthage/Build/iOS/RxBlocking.framework; sourceTree = "<group>"; };
		626101D41DBF77F60094AD8D /* RxCocoa.framework */ = {isa = PBXFileReference; lastKnownFileType = wrapper.framework; name = RxCocoa.framework; path = Carthage/Build/iOS/RxCocoa.framework; sourceTree = "<group>"; };
		626101D51DBF77F60094AD8D /* RxSwift.framework */ = {isa = PBXFileReference; lastKnownFileType = wrapper.framework; name = RxSwift.framework; path = Carthage/Build/iOS/RxSwift.framework; sourceTree = "<group>"; };
		626101DD1DBF78230094AD8D /* MyPlayground.playground */ = {isa = PBXFileReference; lastKnownFileType = file.playground; path = MyPlayground.playground; sourceTree = "<group>"; };
		626101DE1DBF79430094AD8D /* Rx.xcodeproj */ = {isa = PBXFileReference; lastKnownFileType = "wrapper.pb-project"; name = Rx.xcodeproj; path = Carthage/Checkouts/RxSwift/Rx.xcodeproj; sourceTree = SOURCE_ROOT; };
		629061051DBF731F005EED1A /* AppDelegate.swift */ = {isa = PBXFileReference; lastKnownFileType = sourcecode.swift; path = AppDelegate.swift; sourceTree = "<group>"; };
		629061071DBF731F005EED1A /* ViewController.swift */ = {isa = PBXFileReference; lastKnownFileType = sourcecode.swift; path = ViewController.swift; sourceTree = "<group>"; };
		6290610A1DBF731F005EED1A /* Base */ = {isa = PBXFileReference; lastKnownFileType = file.storyboard; name = Base; path = Base.lproj/Main.storyboard; sourceTree = "<group>"; };
		6290610D1DBF731F005EED1A /* sandbox.xcdatamodel */ = {isa = PBXFileReference; lastKnownFileType = wrapper.xcdatamodel; path = sandbox.xcdatamodel; sourceTree = "<group>"; };
		6290610F1DBF731F005EED1A /* Assets.xcassets */ = {isa = PBXFileReference; lastKnownFileType = folder.assetcatalog; path = Assets.xcassets; sourceTree = "<group>"; };
		629061121DBF731F005EED1A /* Base */ = {isa = PBXFileReference; lastKnownFileType = file.storyboard; name = Base; path = Base.lproj/LaunchScreen.storyboard; sourceTree = "<group>"; };
		629061141DBF731F005EED1A /* Info.plist */ = {isa = PBXFileReference; lastKnownFileType = text.plist.xml; path = Info.plist; sourceTree = "<group>"; };
/* End PBXFileReference section */

/* Begin PBXFrameworksBuildPhase section */
		629060FF1DBF731E005EED1A /* Frameworks */ = {
			isa = PBXFrameworksBuildPhase;
			buildActionMask = 2147483647;
			files = (
				626101D81DBF77F60094AD8D /* RxCocoa.framework in Frameworks */,
				626101D61DBF77F60094AD8D /* RxBlocking.framework in Frameworks */,
				626101DA1DBF77F60094AD8D /* RxSwift.framework in Frameworks */,
			);
			runOnlyForDeploymentPostprocessing = 0;
		};
/* End PBXFrameworksBuildPhase section */

/* Begin PBXGroup section */
		626101DF1DBF79430094AD8D /* Products */ = {
			isa = PBXGroup;
			children = (
				626101F61DBF79440094AD8D /* RxSwift.framework */,
				626101F81DBF79440094AD8D /* RxSwift.framework */,
				626101FA1DBF79440094AD8D /* RxSwift.framework */,
				626101FC1DBF79440094AD8D /* RxSwift.framework */,
				626101FE1DBF79440094AD8D /* RxCocoa.framework */,
				626102001DBF79440094AD8D /* RxCocoa.framework */,
				626102021DBF79440094AD8D /* RxCocoa.framework */,
				626102041DBF79440094AD8D /* RxCocoa.framework */,
				626102061DBF79440094AD8D /* RxBlocking.framework */,
				626102081DBF79440094AD8D /* RxBlocking.framework */,
				6261020A1DBF79440094AD8D /* RxBlocking.framework */,
				6261020C1DBF79440094AD8D /* RxBlocking.framework */,
				6261020E1DBF79440094AD8D /* RxTest.framework */,
				626102101DBF79440094AD8D /* RxTest.framework */,
				626102121DBF79440094AD8D /* RxTest.framework */,
				626102141DBF79440094AD8D /* RxTest.framework */,
				626102161DBF79440094AD8D /* AllTests-iOS.xctest */,
				626102181DBF79440094AD8D /* AllTests-tvOS.xctest */,
				6261021A1DBF79440094AD8D /* AllTests-macOS.xctest */,
				6261021C1DBF79440094AD8D /* PerformanceTests.app */,
			);
			name = Products;
			sourceTree = "<group>";
		};
		629060F91DBF731E005EED1A = {
			isa = PBXGroup;
			children = (
				626101D31DBF77F60094AD8D /* RxBlocking.framework */,
				626101D41DBF77F60094AD8D /* RxCocoa.framework */,
				626101D51DBF77F60094AD8D /* RxSwift.framework */,
				629061041DBF731F005EED1A /* sandbox */,
				626101CB1DBF77730094AD8D /* sandbox.app */,
			);
			sourceTree = "<group>";
		};
		629061041DBF731F005EED1A /* sandbox */ = {
			isa = PBXGroup;
			children = (
				626101DE1DBF79430094AD8D /* Rx.xcodeproj */,
				629061051DBF731F005EED1A /* AppDelegate.swift */,
				629061071DBF731F005EED1A /* ViewController.swift */,
				629061091DBF731F005EED1A /* Main.storyboard */,
				6290610F1DBF731F005EED1A /* Assets.xcassets */,
				629061111DBF731F005EED1A /* LaunchScreen.storyboard */,
				629061141DBF731F005EED1A /* Info.plist */,
				6290610C1DBF731F005EED1A /* sandbox.xcdatamodeld */,
				626101DD1DBF78230094AD8D /* MyPlayground.playground */,
			);
			path = sandbox;
			sourceTree = "<group>";
		};
/* End PBXGroup section */

/* Begin PBXNativeTarget section */
		629061011DBF731E005EED1A /* sandbox */ = {
			isa = PBXNativeTarget;
			buildConfigurationList = 629061171DBF731F005EED1A /* Build configuration list for PBXNativeTarget "sandbox" */;
			buildPhases = (
				629060FE1DBF731E005EED1A /* Sources */,
				629060FF1DBF731E005EED1A /* Frameworks */,
				629061001DBF731E005EED1A /* Resources */,
				626101DC1DBF77F60094AD8D /* Embed Frameworks */,
			);
			buildRules = (
			);
			dependencies = (
			);
			name = sandbox;
			productName = sandbox;
			productReference = 626101CB1DBF77730094AD8D /* sandbox.app */;
			productType = "com.apple.product-type.application";
		};
/* End PBXNativeTarget section */

/* Begin PBXProject section */
		629060FA1DBF731E005EED1A /* Project object */ = {
			isa = PBXProject;
			attributes = {
				LastSwiftUpdateCheck = 0800;
				LastUpgradeCheck = 0800;
				ORGANIZATIONNAME = dameleon;
				TargetAttributes = {
					629061011DBF731E005EED1A = {
						CreatedOnToolsVersion = 8.0;
						DevelopmentTeam = P56AJAFB5N;
						ProvisioningStyle = Automatic;
					};
				};
			};
			buildConfigurationList = 629060FD1DBF731E005EED1A /* Build configuration list for PBXProject "sandbox" */;
			compatibilityVersion = "Xcode 3.2";
			developmentRegion = English;
			hasScannedForEncodings = 0;
			knownRegions = (
				en,
				Base,
			);
			mainGroup = 629060F91DBF731E005EED1A;
			productRefGroup = 629060F91DBF731E005EED1A;
			projectDirPath = "";
			projectReferences = (
				{
					ProductGroup = 626101DF1DBF79430094AD8D /* Products */;
					ProjectRef = 626101DE1DBF79430094AD8D /* Rx.xcodeproj */;
				},
			);
			projectRoot = "";
			targets = (
				629061011DBF731E005EED1A /* sandbox */,
			);
		};
/* End PBXProject section */

/* Begin PBXReferenceProxy section */
		626101F61DBF79440094AD8D /* RxSwift.framework */ = {
			isa = PBXReferenceProxy;
			fileType = wrapper.framework;
			path = RxSwift.framework;
			remoteRef = 626101F51DBF79440094AD8D /* PBXContainerItemProxy */;
			sourceTree = BUILT_PRODUCTS_DIR;
		};
		626101F81DBF79440094AD8D /* RxSwift.framework */ = {
			isa = PBXReferenceProxy;
			fileType = wrapper.framework;
			path = RxSwift.framework;
			remoteRef = 626101F71DBF79440094AD8D /* PBXContainerItemProxy */;
			sourceTree = BUILT_PRODUCTS_DIR;
		};
		626101FA1DBF79440094AD8D /* RxSwift.framework */ = {
			isa = PBXReferenceProxy;
			fileType = wrapper.framework;
			path = RxSwift.framework;
			remoteRef = 626101F91DBF79440094AD8D /* PBXContainerItemProxy */;
			sourceTree = BUILT_PRODUCTS_DIR;
		};
		626101FC1DBF79440094AD8D /* RxSwift.framework */ = {
			isa = PBXReferenceProxy;
			fileType = wrapper.framework;
			path = RxSwift.framework;
			remoteRef = 626101FB1DBF79440094AD8D /* PBXContainerItemProxy */;
			sourceTree = BUILT_PRODUCTS_DIR;
		};
		626101FE1DBF79440094AD8D /* RxCocoa.framework */ = {
			isa = PBXReferenceProxy;
			fileType = wrapper.framework;
			path = RxCocoa.framework;
			remoteRef = 626101FD1DBF79440094AD8D /* PBXContainerItemProxy */;
			sourceTree = BUILT_PRODUCTS_DIR;
		};
		626102001DBF79440094AD8D /* RxCocoa.framework */ = {
			isa = PBXReferenceProxy;
			fileType = wrapper.framework;
			path = RxCocoa.framework;
			remoteRef = 626101FF1DBF79440094AD8D /* PBXContainerItemProxy */;
			sourceTree = BUILT_PRODUCTS_DIR;
		};
		626102021DBF79440094AD8D /* RxCocoa.framework */ = {
			isa = PBXReferenceProxy;
			fileType = wrapper.framework;
			path = RxCocoa.framework;
			remoteRef = 626102011DBF79440094AD8D /* PBXContainerItemProxy */;
			sourceTree = BUILT_PRODUCTS_DIR;
		};
		626102041DBF79440094AD8D /* RxCocoa.framework */ = {
			isa = PBXReferenceProxy;
			fileType = wrapper.framework;
			path = RxCocoa.framework;
			remoteRef = 626102031DBF79440094AD8D /* PBXContainerItemProxy */;
			sourceTree = BUILT_PRODUCTS_DIR;
		};
		626102061DBF79440094AD8D /* RxBlocking.framework */ = {
			isa = PBXReferenceProxy;
			fileType = wrapper.framework;
			path = RxBlocking.framework;
			remoteRef = 626102051DBF79440094AD8D /* PBXContainerItemProxy */;
			sourceTree = BUILT_PRODUCTS_DIR;
		};
		626102081DBF79440094AD8D /* RxBlocking.framework */ = {
			isa = PBXReferenceProxy;
			fileType = wrapper.framework;
			path = RxBlocking.framework;
			remoteRef = 626102071DBF79440094AD8D /* PBXContainerItemProxy */;
			sourceTree = BUILT_PRODUCTS_DIR;
		};
		6261020A1DBF79440094AD8D /* RxBlocking.framework */ = {
			isa = PBXReferenceProxy;
			fileType = wrapper.framework;
			path = RxBlocking.framework;
			remoteRef = 626102091DBF79440094AD8D /* PBXContainerItemProxy */;
			sourceTree = BUILT_PRODUCTS_DIR;
		};
		6261020C1DBF79440094AD8D /* RxBlocking.framework */ = {
			isa = PBXReferenceProxy;
			fileType = wrapper.framework;
			path = RxBlocking.framework;
			remoteRef = 6261020B1DBF79440094AD8D /* PBXContainerItemProxy */;
			sourceTree = BUILT_PRODUCTS_DIR;
		};
		6261020E1DBF79440094AD8D /* RxTest.framework */ = {
			isa = PBXReferenceProxy;
			fileType = wrapper.framework;
			path = RxTest.framework;
			remoteRef = 6261020D1DBF79440094AD8D /* PBXContainerItemProxy */;
			sourceTree = BUILT_PRODUCTS_DIR;
		};
		626102101DBF79440094AD8D /* RxTest.framework */ = {
			isa = PBXReferenceProxy;
			fileType = wrapper.framework;
			path = RxTest.framework;
			remoteRef = 6261020F1DBF79440094AD8D /* PBXContainerItemProxy */;
			sourceTree = BUILT_PRODUCTS_DIR;
		};
		626102121DBF79440094AD8D /* RxTest.framework */ = {
			isa = PBXReferenceProxy;
			fileType = wrapper.framework;
			path = RxTest.framework;
			remoteRef = 626102111DBF79440094AD8D /* PBXContainerItemProxy */;
			sourceTree = BUILT_PRODUCTS_DIR;
		};
		626102141DBF79440094AD8D /* RxTest.framework */ = {
			isa = PBXReferenceProxy;
			fileType = wrapper.framework;
			path = RxTest.framework;
			remoteRef = 626102131DBF79440094AD8D /* PBXContainerItemProxy */;
			sourceTree = BUILT_PRODUCTS_DIR;
		};
		626102161DBF79440094AD8D /* AllTests-iOS.xctest */ = {
			isa = PBXReferenceProxy;
			fileType = wrapper.cfbundle;
			path = "AllTests-iOS.xctest";
			remoteRef = 626102151DBF79440094AD8D /* PBXContainerItemProxy */;
			sourceTree = BUILT_PRODUCTS_DIR;
		};
		626102181DBF79440094AD8D /* AllTests-tvOS.xctest */ = {
			isa = PBXReferenceProxy;
			fileType = wrapper.cfbundle;
			path = "AllTests-tvOS.xctest";
			remoteRef = 626102171DBF79440094AD8D /* PBXContainerItemProxy */;
			sourceTree = BUILT_PRODUCTS_DIR;
		};
		6261021A1DBF79440094AD8D /* AllTests-macOS.xctest */ = {
			isa = PBXReferenceProxy;
			fileType = wrapper.cfbundle;
			path = "AllTests-macOS.xctest";
			remoteRef = 626102191DBF79440094AD8D /* PBXContainerItemProxy */;
			sourceTree = BUILT_PRODUCTS_DIR;
		};
		6261021C1DBF79440094AD8D /* PerformanceTests.app */ = {
			isa = PBXReferenceProxy;
			fileType = wrapper.application;
			path = PerformanceTests.app;
			remoteRef = 6261021B1DBF79440094AD8D /* PBXContainerItemProxy */;
			sourceTree = BUILT_PRODUCTS_DIR;
		};
/* End PBXReferenceProxy section */

/* Begin PBXResourcesBuildPhase section */
		629061001DBF731E005EED1A /* Resources */ = {
			isa = PBXResourcesBuildPhase;
			buildActionMask = 2147483647;
			files = (
				629061131DBF731F005EED1A /* LaunchScreen.storyboard in Resources */,
				629061101DBF731F005EED1A /* Assets.xcassets in Resources */,
				6290610B1DBF731F005EED1A /* Main.storyboard in Resources */,
			);
			runOnlyForDeploymentPostprocessing = 0;
		};
/* End PBXResourcesBuildPhase section */

/* Begin PBXSourcesBuildPhase section */
		629060FE1DBF731E005EED1A /* Sources */ = {
			isa = PBXSourcesBuildPhase;
			buildActionMask = 2147483647;
			files = (
				6290610E1DBF731F005EED1A /* sandbox.xcdatamodeld in Sources */,
				629061081DBF731F005EED1A /* ViewController.swift in Sources */,
				629061061DBF731F005EED1A /* AppDelegate.swift in Sources */,
			);
			runOnlyForDeploymentPostprocessing = 0;
		};
/* End PBXSourcesBuildPhase section */

/* Begin PBXVariantGroup section */
		629061091DBF731F005EED1A /* Main.storyboard */ = {
			isa = PBXVariantGroup;
			children = (
				6290610A1DBF731F005EED1A /* Base */,
			);
			name = Main.storyboard;
			sourceTree = "<group>";
		};
		629061111DBF731F005EED1A /* LaunchScreen.storyboard */ = {
			isa = PBXVariantGroup;
			children = (
				629061121DBF731F005EED1A /* Base */,
			);
			name = LaunchScreen.storyboard;
			sourceTree = "<group>";
		};
/* End PBXVariantGroup section */

/* Begin XCBuildConfiguration section */
		629061151DBF731F005EED1A /* Debug */ = {
			isa = XCBuildConfiguration;
			buildSettings = {
				ALWAYS_SEARCH_USER_PATHS = NO;
				CLANG_ANALYZER_NONNULL = YES;
				CLANG_CXX_LANGUAGE_STANDARD = "gnu++0x";
				CLANG_CXX_LIBRARY = "libc++";
				CLANG_ENABLE_MODULES = YES;
				CLANG_ENABLE_OBJC_ARC = YES;
				CLANG_WARN_BOOL_CONVERSION = YES;
				CLANG_WARN_CONSTANT_CONVERSION = YES;
				CLANG_WARN_DIRECT_OBJC_ISA_USAGE = YES_ERROR;
				CLANG_WARN_DOCUMENTATION_COMMENTS = YES;
				CLANG_WARN_EMPTY_BODY = YES;
				CLANG_WARN_ENUM_CONVERSION = YES;
				CLANG_WARN_INFINITE_RECURSION = YES;
				CLANG_WARN_INT_CONVERSION = YES;
				CLANG_WARN_OBJC_ROOT_CLASS = YES_ERROR;
				CLANG_WARN_SUSPICIOUS_MOVES = YES;
				CLANG_WARN_UNREACHABLE_CODE = YES;
				CLANG_WARN__DUPLICATE_METHOD_MATCH = YES;
				"CODE_SIGN_IDENTITY[sdk=iphoneos*]" = "iPhone Developer";
				COPY_PHASE_STRIP = NO;
				DEBUG_INFORMATION_FORMAT = dwarf;
				ENABLE_STRICT_OBJC_MSGSEND = YES;
				ENABLE_TESTABILITY = YES;
				GCC_C_LANGUAGE_STANDARD = gnu99;
				GCC_DYNAMIC_NO_PIC = NO;
				GCC_NO_COMMON_BLOCKS = YES;
				GCC_OPTIMIZATION_LEVEL = 0;
				GCC_PREPROCESSOR_DEFINITIONS = (
					"DEBUG=1",
					"$(inherited)",
				);
				GCC_WARN_64_TO_32_BIT_CONVERSION = YES;
				GCC_WARN_ABOUT_RETURN_TYPE = YES_ERROR;
				GCC_WARN_UNDECLARED_SELECTOR = YES;
				GCC_WARN_UNINITIALIZED_AUTOS = YES_AGGRESSIVE;
				GCC_WARN_UNUSED_FUNCTION = YES;
				GCC_WARN_UNUSED_VARIABLE = YES;
				IPHONEOS_DEPLOYMENT_TARGET = 10.0;
				MTL_ENABLE_DEBUG_INFO = YES;
				ONLY_ACTIVE_ARCH = YES;
				SDKROOT = iphoneos;
				SWIFT_ACTIVE_COMPILATION_CONDITIONS = DEBUG;
				SWIFT_OPTIMIZATION_LEVEL = "-Onone";
				TARGETED_DEVICE_FAMILY = "1,2";
			};
			name = Debug;
		};
		629061161DBF731F005EED1A /* Release */ = {
			isa = XCBuildConfiguration;
			buildSettings = {
				ALWAYS_SEARCH_USER_PATHS = NO;
				CLANG_ANALYZER_NONNULL = YES;
				CLANG_CXX_LANGUAGE_STANDARD = "gnu++0x";
				CLANG_CXX_LIBRARY = "libc++";
				CLANG_ENABLE_MODULES = YES;
				CLANG_ENABLE_OBJC_ARC = YES;
				CLANG_WARN_BOOL_CONVERSION = YES;
				CLANG_WARN_CONSTANT_CONVERSION = YES;
				CLANG_WARN_DIRECT_OBJC_ISA_USAGE = YES_ERROR;
				CLANG_WARN_DOCUMENTATION_COMMENTS = YES;
				CLANG_WARN_EMPTY_BODY = YES;
				CLANG_WARN_ENUM_CONVERSION = YES;
				CLANG_WARN_INFINITE_RECURSION = YES;
				CLANG_WARN_INT_CONVERSION = YES;
				CLANG_WARN_OBJC_ROOT_CLASS = YES_ERROR;
				CLANG_WARN_SUSPICIOUS_MOVES = YES;
				CLANG_WARN_UNREACHABLE_CODE = YES;
				CLANG_WARN__DUPLICATE_METHOD_MATCH = YES;
				"CODE_SIGN_IDENTITY[sdk=iphoneos*]" = "iPhone Developer";
				COPY_PHASE_STRIP = NO;
				DEBUG_INFORMATION_FORMAT = "dwarf-with-dsym";
				ENABLE_NS_ASSERTIONS = NO;
				ENABLE_STRICT_OBJC_MSGSEND = YES;
				GCC_C_LANGUAGE_STANDARD = gnu99;
				GCC_NO_COMMON_BLOCKS = YES;
				GCC_WARN_64_TO_32_BIT_CONVERSION = YES;
				GCC_WARN_ABOUT_RETURN_TYPE = YES_ERROR;
				GCC_WARN_UNDECLARED_SELECTOR = YES;
				GCC_WARN_UNINITIALIZED_AUTOS = YES_AGGRESSIVE;
				GCC_WARN_UNUSED_FUNCTION = YES;
				GCC_WARN_UNUSED_VARIABLE = YES;
				IPHONEOS_DEPLOYMENT_TARGET = 10.0;
				MTL_ENABLE_DEBUG_INFO = NO;
				SDKROOT = iphoneos;
				SWIFT_OPTIMIZATION_LEVEL = "-Owholemodule";
				TARGETED_DEVICE_FAMILY = "1,2";
				VALIDATE_PRODUCT = YES;
			};
			name = Release;
		};
		629061181DBF731F005EED1A /* Debug */ = {
			isa = XCBuildConfiguration;
			buildSettings = {
				ASSETCATALOG_COMPILER_APPICON_NAME = AppIcon;
				DEVELOPMENT_TEAM = P56AJAFB5N;
				FRAMEWORK_SEARCH_PATHS = (
					"$(inherited)",
					"$(PROJECT_DIR)/Carthage/Build/iOS",
				);
				INFOPLIST_FILE = sandbox/Info.plist;
				LD_RUNPATH_SEARCH_PATHS = "$(inherited) @executable_path/Frameworks";
				PRODUCT_BUNDLE_IDENTIFIER = net.dameleon.sandbox;
				PRODUCT_NAME = "$(TARGET_NAME)";
				SWIFT_VERSION = 3.0;
			};
			name = Debug;
		};
		629061191DBF731F005EED1A /* Release */ = {
			isa = XCBuildConfiguration;
			buildSettings = {
				ASSETCATALOG_COMPILER_APPICON_NAME = AppIcon;
				DEVELOPMENT_TEAM = P56AJAFB5N;
				FRAMEWORK_SEARCH_PATHS = (
					"$(inherited)",
					"$(PROJECT_DIR)/Carthage/Build/iOS",
				);
				INFOPLIST_FILE = sandbox/Info.plist;
				LD_RUNPATH_SEARCH_PATHS = "$(inherited) @executable_path/Frameworks";
				PRODUCT_BUNDLE_IDENTIFIER = net.dameleon.sandbox;
				PRODUCT_NAME = "$(TARGET_NAME)";
				SWIFT_VERSION = 3.0;
			};
			name = Release;
		};
/* End XCBuildConfiguration section */

/* Begin XCConfigurationList section */
		629060FD1DBF731E005EED1A /* Build configuration list for PBXProject "sandbox" */ = {
			isa = XCConfigurationList;
			buildConfigurations = (
				629061151DBF731F005EED1A /* Debug */,
				629061161DBF731F005EED1A /* Release */,
			);
			defaultConfigurationIsVisible = 0;
			defaultConfigurationName = Release;
		};
		629061171DBF731F005EED1A /* Build configuration list for PBXNativeTarget "sandbox" */ = {
			isa = XCConfigurationList;
			buildConfigurations = (
				629061181DBF731F005EED1A /* Debug */,
				629061191DBF731F005EED1A /* Release */,
			);
			defaultConfigurationIsVisible = 0;
			defaultConfigurationName = Release;
		};
/* End XCConfigurationList section */

/* Begin XCVersionGroup section */
		6290610C1DBF731F005EED1A /* sandbox.xcdatamodeld */ = {
			isa = XCVersionGroup;
			children = (
				6290610D1DBF731F005EED1A /* sandbox.xcdatamodel */,
			);
			currentVersion = 6290610D1DBF731F005EED1A /* sandbox.xcdatamodel */;
			path = sandbox.xcdatamodeld;
			sourceTree = "<group>";
			versionGroupType = wrapper.xcdatamodel;
		};
/* End XCVersionGroup section */
	};
	rootObject = 629060FA1DBF731E005EED1A /* Project object */;
}
